
Microsoft Visual Studio Solution File, Format Version 12.00
# Visual Studio Version 17
VisualStudioVersion = 17.9.34728.123
MinimumVisualStudioVersion = 10.0.40219.1
Project("{FAE04EC0-301F-11D3-BF4B-00C04F79EFBC}") = "exam_fin", "exam_fin\exam_fin.csproj", "{C6BC8ABD-31DD-4CBB-ACEF-93B070762469}"
EndProject
Global
	GlobalSection(SolutionConfigurationPlatforms) = preSolution
		Debug|Any CPU = Debug|Any CPU
		Release|Any CPU = Release|Any CPU
	EndGlobalSection
	GlobalSection(ProjectConfigurationPlatforms) = postSolution
		{C6BC8ABD-31DD-4CBB-ACEF-93B070762469}.Debug|Any CPU.ActiveCfg = Debug|Any CPU
		{C6BC8ABD-31DD-4CBB-ACEF-93B070762469}.Debug|Any CPU.Build.0 = Debug|Any CPU
		{C6BC8ABD-31DD-4CBB-ACEF-93B070762469}.Release|Any CPU.ActiveCfg = Release|Any CPU
		{C6BC8ABD-31DD-4CBB-ACEF-93B070762469}.Release|Any CPU.Build.0 = Release|Any CPU
	EndGlobalSection
	GlobalSection(SolutionProperties) = preSolution
		HideSolutionNode = FALSE
	EndGlobalSection
	GlobalSection(ExtensibilityGlobals) = postSolution
		SolutionGuid = {D6E1454C-D7C3-4FE0-80A1-80953CC8978A}
	EndGlobalSection
EndGlobal
